
Microsoft Visual Studio Solution File, Format Version 12.00
# Visual Studio Version 17
VisualStudioVersion = 17.3.32929.385
MinimumVisualStudioVersion = 10.0.40219.1
Project("{FAE04EC0-301F-11D3-BF4B-00C04F79EFBC}") = "Sis", "Sis\Sis.csproj", "{D0F2AB64-150D-4F97-B27E-0294DD6F8708}"
EndProject
Global
	GlobalSection(SolutionConfigurationPlatforms) = preSolution
		Debug|Any CPU = Debug|Any CPU
		Release|Any CPU = Release|Any CPU
	EndGlobalSection
	GlobalSection(ProjectConfigurationPlatforms) = postSolution
		{D0F2AB64-150D-4F97-B27E-0294DD6F8708}.Debug|Any CPU.ActiveCfg = Debug|Any CPU
		{D0F2AB64-150D-4F97-B27E-0294DD6F8708}.Debug|Any CPU.Build.0 = Debug|Any CPU
		{D0F2AB64-150D-4F97-B27E-0294DD6F8708}.Release|Any CPU.ActiveCfg = Release|Any CPU
		{D0F2AB64-150D-4F97-B27E-0294DD6F8708}.Release|Any CPU.Build.0 = Release|Any CPU
	EndGlobalSection
	GlobalSection(SolutionProperties) = preSolution
		HideSolutionNode = FALSE
	EndGlobalSection
	GlobalSection(ExtensibilityGlobals) = postSolution
		SolutionGuid = {21BCF330-7BCA-434B-9E39-2A7288380454}
	EndGlobalSection
EndGlobal
